
Microsoft Visual Studio Solution File, Format Version 12.00
# Visual Studio Version 17
VisualStudioVersion = 17.8.34525.116
MinimumVisualStudioVersion = 10.0.40219.1
Project("{FAE04EC0-301F-11D3-BF4B-00C04F79EFBC}") = "Constructors", "Constructers\Constructors.csproj", "{019FA2F4-C639-4706-948C-51673CE17E47}"
EndProject
Project("{FAE04EC0-301F-11D3-BF4B-00C04F79EFBC}") = "Interfaces", "Interfaces\Interfaces.csproj", "{EB50CF43-711E-4F70-8C49-DB0D1E93757C}"
EndProject
Project("{FAE04EC0-301F-11D3-BF4B-00C04F79EFBC}") = "Generics", "Generics\Generics.csproj", "{419F548A-5D50-4E76-8B5B-CE8F548D60F5}"
EndProject
Project("{FAE04EC0-301F-11D3-BF4B-00C04F79EFBC}") = "ThreadingDemo1", "ThreadingDemo1\ThreadingDemo1.csproj", "{A475D6FB-3976-4B93-A755-C5FF0D4CD3EF}"
EndProject
Project("{FAE04EC0-301F-11D3-BF4B-00C04F79EFBC}") = "LinqProject", "LinqProject\LinqProject.csproj", "{DC56FDB5-A38E-47E9-974C-2E46E0D7007D}"
EndProject
Global
	GlobalSection(SolutionConfigurationPlatforms) = preSolution
		Debug|Any CPU = Debug|Any CPU
		Release|Any CPU = Release|Any CPU
	EndGlobalSection
	GlobalSection(ProjectConfigurationPlatforms) = postSolution
		{019FA2F4-C639-4706-948C-51673CE17E47}.Debug|Any CPU.ActiveCfg = Debug|Any CPU
		{019FA2F4-C639-4706-948C-51673CE17E47}.Debug|Any CPU.Build.0 = Debug|Any CPU
		{019FA2F4-C639-4706-948C-51673CE17E47}.Release|Any CPU.ActiveCfg = Release|Any CPU
		{019FA2F4-C639-4706-948C-51673CE17E47}.Release|Any CPU.Build.0 = Release|Any CPU
		{EB50CF43-711E-4F70-8C49-DB0D1E93757C}.Debug|Any CPU.ActiveCfg = Debug|Any CPU
		{EB50CF43-711E-4F70-8C49-DB0D1E93757C}.Debug|Any CPU.Build.0 = Debug|Any CPU
		{EB50CF43-711E-4F70-8C49-DB0D1E93757C}.Release|Any CPU.ActiveCfg = Release|Any CPU
		{EB50CF43-711E-4F70-8C49-DB0D1E93757C}.Release|Any CPU.Build.0 = Release|Any CPU
		{419F548A-5D50-4E76-8B5B-CE8F548D60F5}.Debug|Any CPU.ActiveCfg = Debug|Any CPU
		{419F548A-5D50-4E76-8B5B-CE8F548D60F5}.Debug|Any CPU.Build.0 = Debug|Any CPU
		{419F548A-5D50-4E76-8B5B-CE8F548D60F5}.Release|Any CPU.ActiveCfg = Release|Any CPU
		{419F548A-5D50-4E76-8B5B-CE8F548D60F5}.Release|Any CPU.Build.0 = Release|Any CPU
		{A475D6FB-3976-4B93-A755-C5FF0D4CD3EF}.Debug|Any CPU.ActiveCfg = Debug|Any CPU
		{A475D6FB-3976-4B93-A755-C5FF0D4CD3EF}.Debug|Any CPU.Build.0 = Debug|Any CPU
		{A475D6FB-3976-4B93-A755-C5FF0D4CD3EF}.Release|Any CPU.ActiveCfg = Release|Any CPU
		{A475D6FB-3976-4B93-A755-C5FF0D4CD3EF}.Release|Any CPU.Build.0 = Release|Any CPU
		{DC56FDB5-A38E-47E9-974C-2E46E0D7007D}.Debug|Any CPU.ActiveCfg = Debug|Any CPU
		{DC56FDB5-A38E-47E9-974C-2E46E0D7007D}.Debug|Any CPU.Build.0 = Debug|Any CPU
		{DC56FDB5-A38E-47E9-974C-2E46E0D7007D}.Release|Any CPU.ActiveCfg = Release|Any CPU
		{DC56FDB5-A38E-47E9-974C-2E46E0D7007D}.Release|Any CPU.Build.0 = Release|Any CPU
	EndGlobalSection
	GlobalSection(SolutionProperties) = preSolution
		HideSolutionNode = FALSE
	EndGlobalSection
	GlobalSection(ExtensibilityGlobals) = postSolution
		SolutionGuid = {3CA0D029-7AB2-4559-81FE-5089A7E87291}
	EndGlobalSection
EndGlobal
